
Microsoft Visual Studio Solution File, Format Version 12.00
# Visual Studio Version 17
VisualStudioVersion = 17.9.34723.18
MinimumVisualStudioVersion = 10.0.40219.1
Project("{9A19103F-16F7-4668-BE54-9A1E7A4F7556}") = "DiagonalMatrixOperations", "DiagonalMatrixOperations\DiagonalMatrixOperations.csproj", "{736B5FF4-6E95-4F51-BF34-24E4B787F9B7}"
EndProject
Project("{9A19103F-16F7-4668-BE54-9A1E7A4F7556}") = "PlanetariumOnTheComputer", "PlanetariumOnTheComputer\PlanetariumOnTheComputer.csproj", "{779D0725-AA19-4877-B96D-33D44FF2CE4B}"
EndProject
Project("{9A19103F-16F7-4668-BE54-9A1E7A4F7556}") = "PlanetariumOnTheComputerTests", "PlanetariumOnTheComputerTests\PlanetariumOnTheComputerTests.csproj", "{594290C4-86EB-4715-B4BA-8E73638FEBB4}"
EndProject
Project("{9A19103F-16F7-4668-BE54-9A1E7A4F7556}") = "TrainingManagementSystem", "TrainingManagementSystem\TrainingManagementSystem.csproj", "{1ADB564E-FB06-42BC-B140-F52504065F51}"
EndProject
Project("{FAE04EC0-301F-11D3-BF4B-00C04F79EFBC}") = "DiagonalMatrixOperationsTests", "DiagonalMatrixOperationsTests\DiagonalMatrixOperationsTests.csproj", "{433180D2-B0B1-48B2-9930-22B890F5CF55}"
EndProject
Global
	GlobalSection(SolutionConfigurationPlatforms) = preSolution
		Debug|Any CPU = Debug|Any CPU
		Release|Any CPU = Release|Any CPU
	EndGlobalSection
	GlobalSection(ProjectConfigurationPlatforms) = postSolution
		{736B5FF4-6E95-4F51-BF34-24E4B787F9B7}.Debug|Any CPU.ActiveCfg = Debug|Any CPU
		{736B5FF4-6E95-4F51-BF34-24E4B787F9B7}.Debug|Any CPU.Build.0 = Debug|Any CPU
		{736B5FF4-6E95-4F51-BF34-24E4B787F9B7}.Release|Any CPU.ActiveCfg = Release|Any CPU
		{736B5FF4-6E95-4F51-BF34-24E4B787F9B7}.Release|Any CPU.Build.0 = Release|Any CPU
		{779D0725-AA19-4877-B96D-33D44FF2CE4B}.Debug|Any CPU.ActiveCfg = Debug|Any CPU
		{779D0725-AA19-4877-B96D-33D44FF2CE4B}.Debug|Any CPU.Build.0 = Debug|Any CPU
		{779D0725-AA19-4877-B96D-33D44FF2CE4B}.Release|Any CPU.ActiveCfg = Release|Any CPU
		{779D0725-AA19-4877-B96D-33D44FF2CE4B}.Release|Any CPU.Build.0 = Release|Any CPU
		{594290C4-86EB-4715-B4BA-8E73638FEBB4}.Debug|Any CPU.ActiveCfg = Debug|Any CPU
		{594290C4-86EB-4715-B4BA-8E73638FEBB4}.Debug|Any CPU.Build.0 = Debug|Any CPU
		{594290C4-86EB-4715-B4BA-8E73638FEBB4}.Release|Any CPU.ActiveCfg = Release|Any CPU
		{594290C4-86EB-4715-B4BA-8E73638FEBB4}.Release|Any CPU.Build.0 = Release|Any CPU
		{1ADB564E-FB06-42BC-B140-F52504065F51}.Debug|Any CPU.ActiveCfg = Debug|Any CPU
		{1ADB564E-FB06-42BC-B140-F52504065F51}.Debug|Any CPU.Build.0 = Debug|Any CPU
		{1ADB564E-FB06-42BC-B140-F52504065F51}.Release|Any CPU.ActiveCfg = Release|Any CPU
		{1ADB564E-FB06-42BC-B140-F52504065F51}.Release|Any CPU.Build.0 = Release|Any CPU
		{433180D2-B0B1-48B2-9930-22B890F5CF55}.Debug|Any CPU.ActiveCfg = Debug|Any CPU
		{433180D2-B0B1-48B2-9930-22B890F5CF55}.Debug|Any CPU.Build.0 = Debug|Any CPU
		{433180D2-B0B1-48B2-9930-22B890F5CF55}.Release|Any CPU.ActiveCfg = Release|Any CPU
		{433180D2-B0B1-48B2-9930-22B890F5CF55}.Release|Any CPU.Build.0 = Release|Any CPU
	EndGlobalSection
	GlobalSection(SolutionProperties) = preSolution
		HideSolutionNode = FALSE
	EndGlobalSection
	GlobalSection(ExtensibilityGlobals) = postSolution
		SolutionGuid = {1F9F9B45-2E2E-457F-A9E7-5493010C57EA}
	EndGlobalSection
EndGlobal
