
Microsoft Visual Studio Solution File, Format Version 12.00
# Visual Studio Version 17
VisualStudioVersion = 17.9.34723.18
MinimumVisualStudioVersion = 10.0.40219.1
Project("{9A19103F-16F7-4668-BE54-9A1E7A4F7556}") = "Matrix", "SparceMatrix\Matrix.csproj", "{8AF9842F-9AD0-45CF-B5EE-42F67C8B1209}"
EndProject
Project("{9A19103F-16F7-4668-BE54-9A1E7A4F7556}") = "BookCollection", "BookCollection\BookCollection.csproj", "{C391487C-A174-4982-B993-78035F9C4474}"
EndProject
Project("{FAE04EC0-301F-11D3-BF4B-00C04F79EFBC}") = "BookCollectionTests", "BookCollectionTests\BookCollectionTests.csproj", "{97B8A055-5836-4B53-9349-79E290BBC483}"
EndProject
Global
	GlobalSection(SolutionConfigurationPlatforms) = preSolution
		Debug|Any CPU = Debug|Any CPU
		Release|Any CPU = Release|Any CPU
	EndGlobalSection
	GlobalSection(ProjectConfigurationPlatforms) = postSolution
		{8AF9842F-9AD0-45CF-B5EE-42F67C8B1209}.Debug|Any CPU.ActiveCfg = Debug|Any CPU
		{8AF9842F-9AD0-45CF-B5EE-42F67C8B1209}.Debug|Any CPU.Build.0 = Debug|Any CPU
		{8AF9842F-9AD0-45CF-B5EE-42F67C8B1209}.Release|Any CPU.ActiveCfg = Release|Any CPU
		{8AF9842F-9AD0-45CF-B5EE-42F67C8B1209}.Release|Any CPU.Build.0 = Release|Any CPU
		{C391487C-A174-4982-B993-78035F9C4474}.Debug|Any CPU.ActiveCfg = Debug|Any CPU
		{C391487C-A174-4982-B993-78035F9C4474}.Debug|Any CPU.Build.0 = Debug|Any CPU
		{C391487C-A174-4982-B993-78035F9C4474}.Release|Any CPU.ActiveCfg = Release|Any CPU
		{C391487C-A174-4982-B993-78035F9C4474}.Release|Any CPU.Build.0 = Release|Any CPU
		{97B8A055-5836-4B53-9349-79E290BBC483}.Debug|Any CPU.ActiveCfg = Debug|Any CPU
		{97B8A055-5836-4B53-9349-79E290BBC483}.Debug|Any CPU.Build.0 = Debug|Any CPU
		{97B8A055-5836-4B53-9349-79E290BBC483}.Release|Any CPU.ActiveCfg = Release|Any CPU
		{97B8A055-5836-4B53-9349-79E290BBC483}.Release|Any CPU.Build.0 = Release|Any CPU
	EndGlobalSection
	GlobalSection(SolutionProperties) = preSolution
		HideSolutionNode = FALSE
	EndGlobalSection
	GlobalSection(ExtensibilityGlobals) = postSolution
		SolutionGuid = {AB02700F-E37A-4AF4-8631-6562091A4BD0}
	EndGlobalSection
EndGlobal
